// !$*UTF8*$!
{
	archiveVersion = 1;
	classes = {
	};
	objectVersion = 48;
	objects = {

/* Begin PBXBuildFile section */
		3B4D35F72092C1F000187132 /* AppDelegate.m in Sources */ = {isa = PBXBuildFile; fileRef = 3B4D35F62092C1F000187132 /* AppDelegate.m */; };
		3B4D35FA2092C1F000187132 /* ViewController.m in Sources */ = {isa = PBXBuildFile; fileRef = 3B4D35F92092C1F000187132 /* ViewController.m */; };
		3B4D35FD2092C1F000187132 /* Main.storyboard in Resources */ = {isa = PBXBuildFile; fileRef = 3B4D35FB2092C1F000187132 /* Main.storyboard */; };
		3B4D35FF2092C1F000187132 /* Assets.xcassets in Resources */ = {isa = PBXBuildFile; fileRef = 3B4D35FE2092C1F000187132 /* Assets.xcassets */; };
		3B4D36022092C1F000187132 /* LaunchScreen.storyboard in Resources */ = {isa = PBXBuildFile; fileRef = 3B4D36002092C1F000187132 /* LaunchScreen.storyboard */; };
		3B4D36052092C1F000187132 /* main.m in Sources */ = {isa = PBXBuildFile; fileRef = 3B4D36042092C1F000187132 /* main.m */; };
		3B4D360D2092C20800187132 /* CPPageControl.m in Sources */ = {isa = PBXBuildFile; fileRef = 3B4D360B2092C20700187132 /* CPPageControl.m */; };
/* End PBXBuildFile section */

/* Begin PBXFileReference section */
		3B4D35F22092C1F000187132 /* CPPageControl.app */ = {isa = PBXFileReference; explicitFileType = wrapper.application; includeInIndex = 0; path = CPPageControl.app; sourceTree = BUILT_PRODUCTS_DIR; };
		3B4D35F52092C1F000187132 /* AppDelegate.h */ = {isa = PBXFileReference; lastKnownFileType = sourcecode.c.h; path = AppDelegate.h; sourceTree = "<group>"; };
		3B4D35F62092C1F000187132 /* AppDelegate.m */ = {isa = PBXFileReference; lastKnownFileType = sourcecode.c.objc; path = AppDelegate.m; sourceTree = "<group>"; };
		3B4D35F82092C1F000187132 /* ViewController.h */ = {isa = PBXFileReference; lastKnownFileType = sourcecode.c.h; path = ViewController.h; sourceTree = "<group>"; };
		3B4D35F92092C1F000187132 /* ViewController.m */ = {isa = PBXFileReference; lastKnownFileType = sourcecode.c.objc; path = ViewController.m; sourceTree = "<group>"; };
		3B4D35FC2092C1F000187132 /* Base */ = {isa = PBXFileReference; lastKnownFileType = file.storyboard; name = Base; path = Base.lproj/Main.storyboard; sourceTree = "<group>"; };
		3B4D35FE2092C1F000187132 /* Assets.xcassets */ = {isa = PBXFileReference; lastKnownFileType = folder.assetcatalog; path = Assets.xcassets; sourceTree = "<group>"; };
		3B4D36012092C1F000187132 /* Base */ = {isa = PBXFileReference; lastKnownFileType = file.storyboard; name = Base; path = Base.lproj/LaunchScreen.storyboard; sourceTree = "<group>"; };
		3B4D36032092C1F000187132 /* Info.plist */ = {isa = PBXFileReference; lastKnownFileType = text.plist.xml; path = Info.plist; sourceTree = "<group>"; };
		3B4D36042092C1F000187132 /* main.m */ = {isa = PBXFileReference; lastKnownFileType = sourcecode.c.objc; path = main.m; sourceTree = "<group>"; };
		3B4D360B2092C20700187132 /* CPPageControl.m */ = {isa = PBXFileReference; fileEncoding = 4; lastKnownFileType = sourcecode.c.objc; path = CPPageControl.m; sourceTree = "<group>"; };
		3B4D360C2092C20800187132 /* CPPageControl.h */ = {isa = PBXFileReference; fileEncoding = 4; lastKnownFileType = sourcecode.c.h; path = CPPageControl.h; sourceTree = "<group>"; };
/* End PBXFileReference section */

/* Begin PBXFrameworksBuildPhase section */
		3B4D35EF2092C1F000187132 /* Frameworks */ = {
			isa = PBXFrameworksBuildPhase;
			buildActionMask = 2147483647;
			files = (
			);
			runOnlyForDeploymentPostprocessing = 0;
		};
/* End PBXFrameworksBuildPhase section */

/* Begin PBXGroup section */
		3B4D35E92092C1F000187132 = {
			isa = PBXGroup;
			children = (
				3B4D35F42092C1F000187132 /* CPPageControl */,
				3B4D35F32092C1F000187132 /* Products */,
			);
			sourceTree = "<group>";
		};
		3B4D35F32092C1F000187132 /* Products */ = {
			isa = PBXGroup;
			children = (
				3B4D35F22092C1F000187132 /* CPPageControl.app */,
			);
			name = Products;
			sourceTree = "<group>";
		};
		3B4D35F42092C1F000187132 /* CPPageControl */ = {
			isa = PBXGroup;
			children = (
				3B4D35F52092C1F000187132 /* AppDelegate.h */,
				3B4D35F62092C1F000187132 /* AppDelegate.m */,
				3B4D35F82092C1F000187132 /* ViewController.h */,
				3B4D35F92092C1F000187132 /* ViewController.m */,
				3B4D360C2092C20800187132 /* CPPageControl.h */,
				3B4D360B2092C20700187132 /* CPPageControl.m */,
				3B4D35FB2092C1F000187132 /* Main.storyboard */,
				3B4D35FE2092C1F000187132 /* Assets.xcassets */,
				3B4D36002092C1F000187132 /* LaunchScreen.storyboard */,
				3B4D36032092C1F000187132 /* Info.plist */,
				3B4D36042092C1F000187132 /* main.m */,
			);
			path = CPPageControl;
			sourceTree = "<group>";
		};
/* End PBXGroup section */

/* Begin PBXNativeTarget section */
		3B4D35F12092C1F000187132 /* CPPageControl */ = {
			isa = PBXNativeTarget;
			buildConfigurationList = 3B4D36082092C1F000187132 /* Build configuration list for PBXNativeTarget "CPPageControl" */;
			buildPhases = (
				3B4D35EE2092C1F000187132 /* Sources */,
				3B4D35EF2092C1F000187132 /* Frameworks */,
				3B4D35F02092C1F000187132 /* Resources */,
			);
			buildRules = (
			);
			dependencies = (
			);
			name = CPPageControl;
			productName = CPPageControl;
			productReference = 3B4D35F22092C1F000187132 /* CPPageControl.app */;
			productType = "com.apple.product-type.application";
		};
/* End PBXNativeTarget section */

/* Begin PBXProject section */
		3B4D35EA2092C1F000187132 /* Project object */ = {
			isa = PBXProject;
			attributes = {
				LastUpgradeCheck = 0920;
				ORGANIZATIONNAME = morplcp;
				TargetAttributes = {
					3B4D35F12092C1F000187132 = {
						CreatedOnToolsVersion = 9.2;
						ProvisioningStyle = Automatic;
					};
				};
			};
			buildConfigurationList = 3B4D35ED2092C1F000187132 /* Build configuration list for PBXProject "CPPageControl" */;
			compatibilityVersion = "Xcode 8.0";
			developmentRegion = en;
			hasScannedForEncodings = 0;
			knownRegions = (
				en,
				Base,
			);
			mainGroup = 3B4D35E92092C1F000187132;
			productRefGroup = 3B4D35F32092C1F000187132 /* Products */;
			projectDirPath = "";
			projectRoot = "";
			targets = (
				3B4D35F12092C1F000187132 /* CPPageControl */,
			);
		};
/* End PBXProject section */

/* Begin PBXResourcesBuildPhase section */
		3B4D35F02092C1F000187132 /* Resources */ = {
			isa = PBXResourcesBuildPhase;
			buildActionMask = 2147483647;
			files = (
				3B4D36022092C1F000187132 /* LaunchScreen.storyboard in Resources */,
				3B4D35FF2092C1F000187132 /* Assets.xcassets in Resources */,
				3B4D35FD2092C1F000187132 /* Main.storyboard in Resources */,
			);
			runOnlyForDeploymentPostprocessing = 0;
		};
/* End PBXResourcesBuildPhase section */

/* Begin PBXSourcesBuildPhase section */
		3B4D35EE2092C1F000187132 /* Sources */ = {
			isa = PBXSourcesBuildPhase;
			buildActionMask = 2147483647;
			files = (
				3B4D35FA2092C1F000187132 /* ViewController.m in Sources */,
				3B4D36052092C1F000187132 /* main.m in Sources */,
				3B4D35F72092C1F000187132 /* AppDelegate.m in Sources */,
				3B4D360D2092C20800187132 /* CPPageControl.m in Sources */,
			);
			runOnlyForDeploymentPostprocessing = 0;
		};
/* End PBXSourcesBuildPhase section */

/* Begin PBXVariantGroup section */
		3B4D35FB2092C1F000187132 /* Main.storyboard */ = {
			isa = PBXVariantGroup;
			children = (
				3B4D35FC2092C1F000187132 /* Base */,
			);
			name = Main.storyboard;
			sourceTree = "<group>";
		};
		3B4D36002092C1F000187132 /* LaunchScreen.storyboard */ = {
			isa = PBXVariantGroup;
			children = (
				3B4D36012092C1F000187132 /* Base */,
			);
			name = LaunchScreen.storyboard;
			sourceTree = "<group>";
		};
/* End PBXVariantGroup section */

/* Begin XCBuildConfiguration section */
		3B4D36062092C1F000187132 /* Debug */ = {
			isa = XCBuildConfiguration;
			buildSettings = {
				ALWAYS_SEARCH_USER_PATHS = NO;
				CLANG_ANALYZER_NONNULL = YES;
				CLANG_ANALYZER_NUMBER_OBJECT_CONVERSION = YES_AGGRESSIVE;
				CLANG_CXX_LANGUAGE_STANDARD = "gnu++14";
				CLANG_CXX_LIBRARY = "libc++";
				CLANG_ENABLE_MODULES = YES;
				CLANG_ENABLE_OBJC_ARC = YES;
				CLANG_WARN_BLOCK_CAPTURE_AUTORELEASING = YES;
				CLANG_WARN_BOOL_CONVERSION = YES;
				CLANG_WARN_COMMA = YES;
				CLANG_WARN_CONSTANT_CONVERSION = YES;
				CLANG_WARN_DIRECT_OBJC_ISA_USAGE = YES_ERROR;
				CLANG_WARN_DOCUMENTATION_COMMENTS = YES;
				CLANG_WARN_EMPTY_BODY = YES;
				CLANG_WARN_ENUM_CONVERSION = YES;
				CLANG_WARN_INFINITE_RECURSION = YES;
				CLANG_WARN_INT_CONVERSION = YES;
				CLANG_WARN_NON_LITERAL_NULL_CONVERSION = YES;
				CLANG_WARN_OBJC_LITERAL_CONVERSION = YES;
				CLANG_WARN_OBJC_ROOT_CLASS = YES_ERROR;
				CLANG_WARN_RANGE_LOOP_ANALYSIS = YES;
				CLANG_WARN_STRICT_PROTOTYPES = YES;
				CLANG_WARN_SUSPICIOUS_MOVE = YES;
				CLANG_WARN_UNGUARDED_AVAILABILITY = YES_AGGRESSIVE;
				CLANG_WARN_UNREACHABLE_CODE = YES;
				CLANG_WARN__DUPLICATE_METHOD_MATCH = YES;
				CODE_SIGN_IDENTITY = "iPhone Developer";
				COPY_PHASE_STRIP = NO;
				DEBUG_INFORMATION_FORMAT = dwarf;
				ENABLE_STRICT_OBJC_MSGSEND = YES;
				ENABLE_TESTABILITY = YES;
				GCC_C_LANGUAGE_STANDARD = gnu11;
				GCC_DYNAMIC_NO_PIC = NO;
				GCC_NO_COMMON_BLOCKS = YES;
				GCC_OPTIMIZATION_LEVEL = 0;
				GCC_PREPROCESSOR_DEFINITIONS = (
					"DEBUG=1",
					"$(inherited)",
				);
				GCC_WARN_64_TO_32_BIT_CONVERSION = YES;
				GCC_WARN_ABOUT_RETURN_TYPE = YES_ERROR;
				GCC_WARN_UNDECLARED_SELECTOR = YES;
				GCC_WARN_UNINITIALIZED_AUTOS = YES_AGGRESSIVE;
				GCC_WARN_UNUSED_FUNCTION = YES;
				GCC_WARN_UNUSED_VARIABLE = YES;
				IPHONEOS_DEPLOYMENT_TARGET = 11.2;
				MTL_ENABLE_DEBUG_INFO = YES;
				ONLY_ACTIVE_ARCH = YES;
				SDKROOT = iphoneos;
			};
			name = Debug;
		};
		3B4D36072092C1F000187132 /* Release */ = {
			isa = XCBuildConfiguration;
			buildSettings = {
				ALWAYS_SEARCH_USER_PATHS = NO;
				CLANG_ANALYZER_NONNULL = YES;
				CLANG_ANALYZER_NUMBER_OBJECT_CONVERSION = YES_AGGRESSIVE;
				CLANG_CXX_LANGUAGE_STANDARD = "gnu++14";
				CLANG_CXX_LIBRARY = "libc++";
				CLANG_ENABLE_MODULES = YES;
				CLANG_ENABLE_OBJC_ARC = YES;
				CLANG_WARN_BLOCK_CAPTURE_AUTORELEASING = YES;
				CLANG_WARN_BOOL_CONVERSION = YES;
				CLANG_WARN_COMMA = YES;
				CLANG_WARN_CONSTANT_CONVERSION = YES;
				CLANG_WARN_DIRECT_OBJC_ISA_USAGE = YES_ERROR;
				CLANG_WARN_DOCUMENTATION_COMMENTS = YES;
				CLANG_WARN_EMPTY_BODY = YES;
				CLANG_WARN_ENUM_CONVERSION = YES;
				CLANG_WARN_INFINITE_RECURSION = YES;
				CLANG_WARN_INT_CONVERSION = YES;
				CLANG_WARN_NON_LITERAL_NULL_CONVERSION = YES;
				CLANG_WARN_OBJC_LITERAL_CONVERSION = YES;
				CLANG_WARN_OBJC_ROOT_CLASS = YES_ERROR;
				CLANG_WARN_RANGE_LOOP_ANALYSIS = YES;
				CLANG_WARN_STRICT_PROTOTYPES = YES;
				CLANG_WARN_SUSPICIOUS_MOVE = YES;
				CLANG_WARN_UNGUARDED_AVAILABILITY = YES_AGGRESSIVE;
				CLANG_WARN_UNREACHABLE_CODE = YES;
				CLANG_WARN__DUPLICATE_METHOD_MATCH = YES;
				CODE_SIGN_IDENTITY = "iPhone Developer";
				COPY_PHASE_STRIP = NO;
				DEBUG_INFORMATION_FORMAT = "dwarf-with-dsym";
				ENABLE_NS_ASSERTIONS = NO;
				ENABLE_STRICT_OBJC_MSGSEND = YES;
				GCC_C_LANGUAGE_STANDARD = gnu11;
				GCC_NO_COMMON_BLOCKS = YES;
				GCC_WARN_64_TO_32_BIT_CONVERSION = YES;
				GCC_WARN_ABOUT_RETURN_TYPE = YES_ERROR;
				GCC_WARN_UNDECLARED_SELECTOR = YES;
				GCC_WARN_UNINITIALIZED_AUTOS = YES_AGGRESSIVE;
				GCC_WARN_UNUSED_FUNCTION = YES;
				GCC_WARN_UNUSED_VARIABLE = YES;
				IPHONEOS_DEPLOYMENT_TARGET = 11.2;
				MTL_ENABLE_DEBUG_INFO = NO;
				SDKROOT = iphoneos;
				VALIDATE_PRODUCT = YES;
			};
			name = Release;
		};
		3B4D36092092C1F000187132 /* Debug */ = {
			isa = XCBuildConfiguration;
			buildSettings = {
				ASSETCATALOG_COMPILER_APPICON_NAME = AppIcon;
				CODE_SIGN_STYLE = Automatic;
				INFOPLIST_FILE = CPPageControl/Info.plist;
				LD_RUNPATH_SEARCH_PATHS = "$(inherited) @executable_path/Frameworks";
				PRODUCT_BUNDLE_IDENTIFIER = morplcp.CPPageControl;
				PRODUCT_NAME = "$(TARGET_NAME)";
				TARGETED_DEVICE_FAMILY = "1,2";
			};
			name = Debug;
		};
		3B4D360A2092C1F000187132 /* Release */ = {
			isa = XCBuildConfiguration;
			buildSettings = {
				ASSETCATALOG_COMPILER_APPICON_NAME = AppIcon;
				CODE_SIGN_STYLE = Automatic;
				INFOPLIST_FILE = CPPageControl/Info.plist;
				LD_RUNPATH_SEARCH_PATHS = "$(inherited) @executable_path/Frameworks";
				PRODUCT_BUNDLE_IDENTIFIER = morplcp.CPPageControl;
				PRODUCT_NAME = "$(TARGET_NAME)";
				TARGETED_DEVICE_FAMILY = "1,2";
			};
			name = Release;
		};
/* End XCBuildConfiguration section */

/* Begin XCConfigurationList section */
		3B4D35ED2092C1F000187132 /* Build configuration list for PBXProject "CPPageControl" */ = {
			isa = XCConfigurationList;
			buildConfigurations = (
				3B4D36062092C1F000187132 /* Debug */,
				3B4D36072092C1F000187132 /* Release */,
			);
			defaultConfigurationIsVisible = 0;
			defaultConfigurationName = Release;
		};
		3B4D36082092C1F000187132 /* Build configuration list for PBXNativeTarget "CPPageControl" */ = {
			isa = XCConfigurationList;
			buildConfigurations = (
				3B4D36092092C1F000187132 /* Debug */,
				3B4D360A2092C1F000187132 /* Release */,
			);
			defaultConfigurationIsVisible = 0;
			defaultConfigurationName = Release;
		};
/* End XCConfigurationList section */
	};
	rootObject = 3B4D35EA2092C1F000187132 /* Project object */;
}
